// !$*UTF8*$!
{
	archiveVersion = 1;
	classes = {
	};
	objectVersion = 77;
	objects = {

/* Begin PBXBuildFile section */
		DDA727700000000000000001 /* MacSpeedMonitorApp.swift in Sources */ = {isa = PBXBuildFile; fileRef = DDA727700000000000000101 /* MacSpeedMonitorApp.swift */; };
		DDA727700000000000000002 /* WiFiPulse/Assets.xcassets in Resources */ = {isa = PBXBuildFile; fileRef = DDA727700000000000000102 /* WiFiPulse/Assets.xcassets */; };
		DDA727700000000000000003 /* SpeedMonitorCore.framework in Frameworks */ = {isa = PBXBuildFile; fileRef = DDA727700000000000000103 /* SpeedMonitorCore.framework */; };
		DDA727700000000000000004 /* SpeedMonitorCore.framework in Embed Frameworks */ = {isa = PBXBuildFile; fileRef = DDA727700000000000000103 /* SpeedMonitorCore.framework */; settings = {ATTRIBUTES = (CodeSignOnCopy, RemoveHeadersOnCopy, ); }; };
		DDA727700000000000000011 /* ContentView.swift in Sources */ = {isa = PBXBuildFile; fileRef = DDA727700000000000000111 /* ContentView.swift */; };
		DDA727700000000000000012 /* LocationPermissionManager.swift in Sources */ = {isa = PBXBuildFile; fileRef = DDA727700000000000000112 /* LocationPermissionManager.swift */; };
		DDA727700000000000000013 /* NetworkInterfaceInfo.swift in Sources */ = {isa = PBXBuildFile; fileRef = DDA727700000000000000113 /* NetworkInterfaceInfo.swift */; };
		DDA727700000000000000014 /* NetworkSpeedMonitor.swift in Sources */ = {isa = PBXBuildFile; fileRef = DDA727700000000000000114 /* NetworkSpeedMonitor.swift */; };
		DDA727700000000000000015 /* WiFiNetworkInfo.swift in Sources */ = {isa = PBXBuildFile; fileRef = DDA727700000000000000115 /* WiFiNetworkInfo.swift */; };
		DDA727700000000000000016 /* OUIVendorLookup.swift in Sources */ = {isa = PBXBuildFile; fileRef = DDA727700000000000000118 /* OUIVendorLookup.swift */; };
		DDA727700000000000000017 /* Resources/oui-vendors.tsv in Resources */ = {isa = PBXBuildFile; fileRef = DDA727700000000000000119 /* Resources/oui-vendors.tsv */; };
		DDA727700000000000000018 /* AIRecognition.swift in Sources */ = {isa = PBXBuildFile; fileRef = DDA727700000000000000120 /* AIRecognition.swift */; };
		DDA727700000000000000019 /* AppleFoundationModelsRecognitionProvider.swift in Sources */ = {isa = PBXBuildFile; fileRef = DDA727700000000000000121 /* AppleFoundationModelsRecognitionProvider.swift */; };
		DDA727700000000000000020 /* GeminiRecognition.swift in Sources */ = {isa = PBXBuildFile; fileRef = DDA727700000000000000122 /* GeminiRecognition.swift */; };
		DDDAA4C82FE5DAB40003B145 /* WidgetKit.framework in Frameworks */ = {isa = PBXBuildFile; fileRef = DDDAA4C72FE5DAB40003B145 /* WidgetKit.framework */; };
		DDDAA4CA2FE5DAB40003B145 /* SwiftUI.framework in Frameworks */ = {isa = PBXBuildFile; fileRef = DDDAA4C92FE5DAB40003B145 /* SwiftUI.framework */; };
		DDDAA4D92FE5DAB60003B145 /* WiFiPulseWidgetExtension.appex in Embed Foundation Extensions */ = {isa = PBXBuildFile; fileRef = DDDAA4C52FE5DAB40003B145 /* WiFiPulseWidgetExtension.appex */; settings = {ATTRIBUTES = (RemoveHeadersOnCopy, ); }; };
/* End PBXBuildFile section */

/* Begin PBXContainerItemProxy section */
		DDA727700000000000000021 /* PBXContainerItemProxy */ = {
			isa = PBXContainerItemProxy;
			containerPortal = DDA7274C2FE1D0AB00FD8A8D /* Project object */;
			proxyType = 1;
			remoteGlobalIDString = DDA727700000000000000302;
			remoteInfo = SpeedMonitorCore;
		};
		DDDAA4D72FE5DAB60003B145 /* PBXContainerItemProxy */ = {
			isa = PBXContainerItemProxy;
			containerPortal = DDA7274C2FE1D0AB00FD8A8D /* Project object */;
			proxyType = 1;
			remoteGlobalIDString = DDDAA4C42FE5DAB40003B145;
			remoteInfo = WiFiPulseWidgetExtension;
		};
/* End PBXContainerItemProxy section */

/* Begin PBXCopyFilesBuildPhase section */
		DDA727700000000000000031 /* Embed Frameworks */ = {
			isa = PBXCopyFilesBuildPhase;
			buildActionMask = 2147483647;
			dstPath = "";
			dstSubfolderSpec = 10;
			files = (
				DDA727700000000000000004 /* SpeedMonitorCore.framework in Embed Frameworks */,
			);
			name = "Embed Frameworks";
			runOnlyForDeploymentPostprocessing = 0;
		};
		DDDAA4DA2FE5DAB60003B145 /* Embed Foundation Extensions */ = {
			isa = PBXCopyFilesBuildPhase;
			buildActionMask = 2147483647;
			dstPath = "";
			dstSubfolderSpec = 13;
			files = (
				DDDAA4D92FE5DAB60003B145 /* WiFiPulseWidgetExtension.appex in Embed Foundation Extensions */,
			);
			name = "Embed Foundation Extensions";
			runOnlyForDeploymentPostprocessing = 0;
		};
/* End PBXCopyFilesBuildPhase section */

/* Begin PBXFileReference section */
		DDA727700000000000000101 /* MacSpeedMonitorApp.swift */ = {isa = PBXFileReference; lastKnownFileType = sourcecode.swift; path = MacSpeedMonitorApp.swift; sourceTree = "<group>"; };
		DDA727700000000000000102 /* WiFiPulse/Assets.xcassets */ = {isa = PBXFileReference; lastKnownFileType = folder.assetcatalog; path = WiFiPulse/Assets.xcassets; sourceTree = SOURCE_ROOT; };
		DDA727700000000000000103 /* SpeedMonitorCore.framework */ = {isa = PBXFileReference; explicitFileType = wrapper.framework; includeInIndex = 0; path = SpeedMonitorCore.framework; sourceTree = BUILT_PRODUCTS_DIR; };
		DDA727700000000000000104 /* MacSpeedMonitor.app */ = {isa = PBXFileReference; explicitFileType = wrapper.application; includeInIndex = 0; path = MacSpeedMonitor.app; sourceTree = BUILT_PRODUCTS_DIR; };
		DDA727700000000000000111 /* ContentView.swift */ = {isa = PBXFileReference; lastKnownFileType = sourcecode.swift; path = ContentView.swift; sourceTree = "<group>"; };
		DDA727700000000000000112 /* LocationPermissionManager.swift */ = {isa = PBXFileReference; lastKnownFileType = sourcecode.swift; path = LocationPermissionManager.swift; sourceTree = "<group>"; };
		DDA727700000000000000113 /* NetworkInterfaceInfo.swift */ = {isa = PBXFileReference; lastKnownFileType = sourcecode.swift; path = NetworkInterfaceInfo.swift; sourceTree = "<group>"; };
		DDA727700000000000000114 /* NetworkSpeedMonitor.swift */ = {isa = PBXFileReference; lastKnownFileType = sourcecode.swift; path = NetworkSpeedMonitor.swift; sourceTree = "<group>"; };
		DDA727700000000000000115 /* WiFiNetworkInfo.swift */ = {isa = PBXFileReference; lastKnownFileType = sourcecode.swift; path = WiFiNetworkInfo.swift; sourceTree = "<group>"; };
		DDA727700000000000000116 /* Info.plist */ = {isa = PBXFileReference; lastKnownFileType = text.plist.xml; path = Info.plist; sourceTree = "<group>"; };
		DDA727700000000000000117 /* MacSpeedMonitor.entitlements */ = {isa = PBXFileReference; lastKnownFileType = text.plist.entitlements; path = MacSpeedMonitor.entitlements; sourceTree = "<group>"; };
		DDA727700000000000000118 /* OUIVendorLookup.swift */ = {isa = PBXFileReference; lastKnownFileType = sourcecode.swift; path = OUIVendorLookup.swift; sourceTree = "<group>"; };
		DDA727700000000000000119 /* Resources/oui-vendors.tsv */ = {isa = PBXFileReference; lastKnownFileType = text; path = "Resources/oui-vendors.tsv"; sourceTree = "<group>"; };
		DDA727700000000000000120 /* AIRecognition.swift */ = {isa = PBXFileReference; lastKnownFileType = sourcecode.swift; path = AIRecognition.swift; sourceTree = "<group>"; };
		DDA727700000000000000121 /* AppleFoundationModelsRecognitionProvider.swift */ = {isa = PBXFileReference; lastKnownFileType = sourcecode.swift; path = AppleFoundationModelsRecognitionProvider.swift; sourceTree = "<group>"; };
		DDA727700000000000000122 /* GeminiRecognition.swift */ = {isa = PBXFileReference; lastKnownFileType = sourcecode.swift; path = GeminiRecognition.swift; sourceTree = "<group>"; };
		DDDAA4C52FE5DAB40003B145 /* WiFiPulseWidgetExtension.appex */ = {isa = PBXFileReference; explicitFileType = "wrapper.app-extension"; includeInIndex = 0; path = WiFiPulseWidgetExtension.appex; sourceTree = BUILT_PRODUCTS_DIR; };
		DDDAA4C72FE5DAB40003B145 /* WidgetKit.framework */ = {isa = PBXFileReference; lastKnownFileType = wrapper.framework; name = WidgetKit.framework; path = System/Library/Frameworks/WidgetKit.framework; sourceTree = SDKROOT; };
		DDDAA4C92FE5DAB40003B145 /* SwiftUI.framework */ = {isa = PBXFileReference; lastKnownFileType = wrapper.framework; name = SwiftUI.framework; path = System/Library/Frameworks/SwiftUI.framework; sourceTree = SDKROOT; };
/* End PBXFileReference section */

/* Begin PBXFileSystemSynchronizedBuildFileExceptionSet section */
		DDDAA4DD2FE5DAB60003B145 /* Exceptions for "WiFiPulseWidget" folder in "WiFiPulseWidgetExtension" target */ = {
			isa = PBXFileSystemSynchronizedBuildFileExceptionSet;
			membershipExceptions = (
				Info.plist,
			);
			target = DDDAA4C42FE5DAB40003B145 /* WiFiPulseWidgetExtension */;
		};
/* End PBXFileSystemSynchronizedBuildFileExceptionSet section */

/* Begin PBXFileSystemSynchronizedRootGroup section */
		DDDAA4CB2FE5DAB40003B145 /* WiFiPulseWidget */ = {
			isa = PBXFileSystemSynchronizedRootGroup;
			exceptions = (
				DDDAA4DD2FE5DAB60003B145 /* Exceptions for "WiFiPulseWidget" folder in "WiFiPulseWidgetExtension" target */,
			);
			path = WiFiPulseWidget;
			sourceTree = "<group>";
		};
/* End PBXFileSystemSynchronizedRootGroup section */

/* Begin PBXFrameworksBuildPhase section */
		DDA727512FE1D0AB00FD8A8D /* Frameworks */ = {
			isa = PBXFrameworksBuildPhase;
			buildActionMask = 2147483647;
			files = (
				DDA727700000000000000003 /* SpeedMonitorCore.framework in Frameworks */,
			);
			runOnlyForDeploymentPostprocessing = 0;
		};
		DDA727700000000000000042 /* Frameworks */ = {
			isa = PBXFrameworksBuildPhase;
			buildActionMask = 2147483647;
			files = (
			);
			runOnlyForDeploymentPostprocessing = 0;
		};
		DDDAA4C22FE5DAB40003B145 /* Frameworks */ = {
			isa = PBXFrameworksBuildPhase;
			buildActionMask = 2147483647;
			files = (
				DDDAA4CA2FE5DAB40003B145 /* SwiftUI.framework in Frameworks */,
				DDDAA4C82FE5DAB40003B145 /* WidgetKit.framework in Frameworks */,
			);
			runOnlyForDeploymentPostprocessing = 0;
		};
/* End PBXFrameworksBuildPhase section */

/* Begin PBXGroup section */
		DDA7274B2FE1D0AB00FD8A8D = {
			isa = PBXGroup;
			children = (
				DDA727700000000000000152 /* Sources */,
				DDA727700000000000000102 /* WiFiPulse/Assets.xcassets */,
				DDDAA4CB2FE5DAB40003B145 /* WiFiPulseWidget */,
				DDDAA4C62FE5DAB40003B145 /* Frameworks */,
				DDA727552FE1D0AB00FD8A8D /* Products */,
			);
			sourceTree = "<group>";
		};
		DDA727552FE1D0AB00FD8A8D /* Products */ = {
			isa = PBXGroup;
			children = (
				DDA727700000000000000104 /* MacSpeedMonitor.app */,
				DDA727700000000000000103 /* SpeedMonitorCore.framework */,
				DDDAA4C52FE5DAB40003B145 /* WiFiPulseWidgetExtension.appex */,
			);
			name = Products;
			sourceTree = "<group>";
		};
		DDA727700000000000000152 /* Sources */ = {
			isa = PBXGroup;
			children = (
				DDA727700000000000000154 /* MacSpeedMonitorApp */,
				DDA727700000000000000155 /* SpeedMonitorCore */,
			);
			path = Sources;
			sourceTree = "<group>";
		};
		DDA727700000000000000154 /* MacSpeedMonitorApp */ = {
			isa = PBXGroup;
			children = (
				DDA727700000000000000101 /* MacSpeedMonitorApp.swift */,
				DDA727700000000000000116 /* Info.plist */,
				DDA727700000000000000117 /* MacSpeedMonitor.entitlements */,
			);
			path = MacSpeedMonitorApp;
			sourceTree = "<group>";
		};
		DDA727700000000000000155 /* SpeedMonitorCore */ = {
			isa = PBXGroup;
			children = (
				DDA727700000000000000120 /* AIRecognition.swift */,
				DDA727700000000000000121 /* AppleFoundationModelsRecognitionProvider.swift */,
				DDA727700000000000000122 /* GeminiRecognition.swift */,
				DDA727700000000000000111 /* ContentView.swift */,
				DDA727700000000000000112 /* LocationPermissionManager.swift */,
				DDA727700000000000000113 /* NetworkInterfaceInfo.swift */,
				DDA727700000000000000114 /* NetworkSpeedMonitor.swift */,
				DDA727700000000000000118 /* OUIVendorLookup.swift */,
				DDA727700000000000000115 /* WiFiNetworkInfo.swift */,
				DDA727700000000000000119 /* Resources/oui-vendors.tsv */,
			);
			path = SpeedMonitorCore;
			sourceTree = "<group>";
		};
		DDDAA4C62FE5DAB40003B145 /* Frameworks */ = {
			isa = PBXGroup;
			children = (
				DDDAA4C72FE5DAB40003B145 /* WidgetKit.framework */,
				DDDAA4C92FE5DAB40003B145 /* SwiftUI.framework */,
			);
			name = Frameworks;
			sourceTree = "<group>";
		};
/* End PBXGroup section */

/* Begin PBXNativeTarget section */
		DDA727532FE1D0AB00FD8A8D /* MacSpeedMonitor */ = {
			isa = PBXNativeTarget;
			buildConfigurationList = DDA7275F2FE1D0AD00FD8A8D /* Build configuration list for PBXNativeTarget "MacSpeedMonitor" */;
			buildPhases = (
				DDA727502FE1D0AB00FD8A8D /* Sources */,
				DDA727512FE1D0AB00FD8A8D /* Frameworks */,
				DDA727522FE1D0AB00FD8A8D /* Resources */,
				DDA727700000000000000031 /* Embed Frameworks */,
				DDDAA4DA2FE5DAB60003B145 /* Embed Foundation Extensions */,
			);
			buildRules = (
			);
			dependencies = (
				DDA727700000000000000071 /* PBXTargetDependency */,
				DDDAA4D82FE5DAB60003B145 /* PBXTargetDependency */,
			);
			name = MacSpeedMonitor;
			packageProductDependencies = (
			);
			productName = MacSpeedMonitor;
			productReference = DDA727700000000000000104 /* MacSpeedMonitor.app */;
			productType = "com.apple.product-type.application";
		};
		DDA727700000000000000302 /* SpeedMonitorCore */ = {
			isa = PBXNativeTarget;
			buildConfigurationList = DDA727700000000000000402 /* Build configuration list for PBXNativeTarget "SpeedMonitorCore" */;
			buildPhases = (
				DDA727700000000000000052 /* Sources */,
				DDA727700000000000000042 /* Frameworks */,
				DDA727700000000000000062 /* Resources */,
			);
			buildRules = (
			);
			dependencies = (
			);
			name = SpeedMonitorCore;
			productName = SpeedMonitorCore;
			productReference = DDA727700000000000000103 /* SpeedMonitorCore.framework */;
			productType = "com.apple.product-type.framework";
		};
		DDDAA4C42FE5DAB40003B145 /* WiFiPulseWidgetExtension */ = {
			isa = PBXNativeTarget;
			buildConfigurationList = DDDAA4DE2FE5DAB60003B145 /* Build configuration list for PBXNativeTarget "WiFiPulseWidgetExtension" */;
			buildPhases = (
				DDDAA4C12FE5DAB40003B145 /* Sources */,
				DDDAA4C22FE5DAB40003B145 /* Frameworks */,
				DDDAA4C32FE5DAB40003B145 /* Resources */,
			);
			buildRules = (
			);
			dependencies = (
			);
			fileSystemSynchronizedGroups = (
				DDDAA4CB2FE5DAB40003B145 /* WiFiPulseWidget */,
			);
			name = WiFiPulseWidgetExtension;
			packageProductDependencies = (
			);
			productName = WiFiPulseWidgetExtension;
			productReference = DDDAA4C52FE5DAB40003B145 /* WiFiPulseWidgetExtension.appex */;
			productType = "com.apple.product-type.app-extension";
		};
/* End PBXNativeTarget section */

/* Begin PBXProject section */
		DDA7274C2FE1D0AB00FD8A8D /* Project object */ = {
			isa = PBXProject;
			attributes = {
				BuildIndependentTargetsInParallel = 1;
				LastSwiftUpdateCheck = 2650;
				LastUpgradeCheck = 2650;
				TargetAttributes = {
					DDA727532FE1D0AB00FD8A8D = {
						CreatedOnToolsVersion = 26.5;
					};
					DDA727700000000000000302 = {
						CreatedOnToolsVersion = 26.5;
					};
					DDDAA4C42FE5DAB40003B145 = {
						CreatedOnToolsVersion = 26.5;
					};
				};
			};
			buildConfigurationList = DDA7274F2FE1D0AB00FD8A8D /* Build configuration list for PBXProject "WiFiPulse" */;
			developmentRegion = en;
			hasScannedForEncodings = 0;
			knownRegions = (
				en,
				Base,
			);
			mainGroup = DDA7274B2FE1D0AB00FD8A8D;
			minimizedProjectReferenceProxies = 1;
			preferredProjectObjectVersion = 77;
			productRefGroup = DDA727552FE1D0AB00FD8A8D /* Products */;
			projectDirPath = "";
			projectRoot = "";
			targets = (
				DDA727532FE1D0AB00FD8A8D /* MacSpeedMonitor */,
				DDA727700000000000000302 /* SpeedMonitorCore */,
				DDDAA4C42FE5DAB40003B145 /* WiFiPulseWidgetExtension */,
			);
		};
/* End PBXProject section */

/* Begin PBXResourcesBuildPhase section */
		DDA727522FE1D0AB00FD8A8D /* Resources */ = {
			isa = PBXResourcesBuildPhase;
			buildActionMask = 2147483647;
			files = (
				DDA727700000000000000002 /* WiFiPulse/Assets.xcassets in Resources */,
			);
			runOnlyForDeploymentPostprocessing = 0;
		};
		DDA727700000000000000062 /* Resources */ = {
			isa = PBXResourcesBuildPhase;
			buildActionMask = 2147483647;
			files = (
				DDA727700000000000000017 /* Resources/oui-vendors.tsv in Resources */,
			);
			runOnlyForDeploymentPostprocessing = 0;
		};
		DDDAA4C32FE5DAB40003B145 /* Resources */ = {
			isa = PBXResourcesBuildPhase;
			buildActionMask = 2147483647;
			files = (
			);
			runOnlyForDeploymentPostprocessing = 0;
		};
/* End PBXResourcesBuildPhase section */

/* Begin PBXSourcesBuildPhase section */
		DDA727502FE1D0AB00FD8A8D /* Sources */ = {
			isa = PBXSourcesBuildPhase;
			buildActionMask = 2147483647;
			files = (
				DDA727700000000000000001 /* MacSpeedMonitorApp.swift in Sources */,
			);
			runOnlyForDeploymentPostprocessing = 0;
		};
		DDA727700000000000000052 /* Sources */ = {
			isa = PBXSourcesBuildPhase;
			buildActionMask = 2147483647;
			files = (
				DDA727700000000000000018 /* AIRecognition.swift in Sources */,
				DDA727700000000000000019 /* AppleFoundationModelsRecognitionProvider.swift in Sources */,
				DDA727700000000000000020 /* GeminiRecognition.swift in Sources */,
				DDA727700000000000000011 /* ContentView.swift in Sources */,
				DDA727700000000000000012 /* LocationPermissionManager.swift in Sources */,
				DDA727700000000000000013 /* NetworkInterfaceInfo.swift in Sources */,
				DDA727700000000000000014 /* NetworkSpeedMonitor.swift in Sources */,
				DDA727700000000000000016 /* OUIVendorLookup.swift in Sources */,
				DDA727700000000000000015 /* WiFiNetworkInfo.swift in Sources */,
			);
			runOnlyForDeploymentPostprocessing = 0;
		};
		DDDAA4C12FE5DAB40003B145 /* Sources */ = {
			isa = PBXSourcesBuildPhase;
			buildActionMask = 2147483647;
			files = (
			);
			runOnlyForDeploymentPostprocessing = 0;
		};
/* End PBXSourcesBuildPhase section */

/* Begin PBXTargetDependency section */
		DDA727700000000000000071 /* PBXTargetDependency */ = {
			isa = PBXTargetDependency;
			target = DDA727700000000000000302 /* SpeedMonitorCore */;
			targetProxy = DDA727700000000000000021 /* PBXContainerItemProxy */;
		};
		DDDAA4D82FE5DAB60003B145 /* PBXTargetDependency */ = {
			isa = PBXTargetDependency;
			target = DDDAA4C42FE5DAB40003B145 /* WiFiPulseWidgetExtension */;
			targetProxy = DDDAA4D72FE5DAB60003B145 /* PBXContainerItemProxy */;
		};
/* End PBXTargetDependency section */

/* Begin XCBuildConfiguration section */
		DDA7275D2FE1D0AD00FD8A8D /* Debug */ = {
			isa = XCBuildConfiguration;
			buildSettings = {
				ALWAYS_SEARCH_USER_PATHS = NO;
				ASSETCATALOG_COMPILER_GENERATE_SWIFT_ASSET_SYMBOL_EXTENSIONS = YES;
				CLANG_ANALYZER_NONNULL = YES;
				CLANG_ANALYZER_NUMBER_OBJECT_CONVERSION = YES_AGGRESSIVE;
				CLANG_CXX_LANGUAGE_STANDARD = "gnu++20";
				CLANG_ENABLE_MODULES = YES;
				CLANG_ENABLE_OBJC_ARC = YES;
				CLANG_ENABLE_OBJC_WEAK = YES;
				CLANG_WARN_BLOCK_CAPTURE_AUTORELEASING = YES;
				CLANG_WARN_BOOL_CONVERSION = YES;
				CLANG_WARN_COMMA = YES;
				CLANG_WARN_CONSTANT_CONVERSION = YES;
				CLANG_WARN_DEPRECATED_OBJC_IMPLEMENTATIONS = YES;
				CLANG_WARN_DIRECT_OBJC_ISA_USAGE = YES_ERROR;
				CLANG_WARN_DOCUMENTATION_COMMENTS = YES;
				CLANG_WARN_EMPTY_BODY = YES;
				CLANG_WARN_ENUM_CONVERSION = YES;
				CLANG_WARN_INFINITE_RECURSION = YES;
				CLANG_WARN_INT_CONVERSION = YES;
				CLANG_WARN_NON_LITERAL_NULL_CONVERSION = YES;
				CLANG_WARN_OBJC_IMPLICIT_RETAIN_SELF = YES;
				CLANG_WARN_OBJC_LITERAL_CONVERSION = YES;
				CLANG_WARN_OBJC_ROOT_CLASS = YES_ERROR;
				CLANG_WARN_QUOTED_INCLUDE_IN_FRAMEWORK_HEADER = YES;
				CLANG_WARN_RANGE_LOOP_ANALYSIS = YES;
				CLANG_WARN_STRICT_PROTOTYPES = YES;
				CLANG_WARN_SUSPICIOUS_MOVE = YES;
				CLANG_WARN_UNGUARDED_AVAILABILITY = YES_AGGRESSIVE;
				CLANG_WARN_UNREACHABLE_CODE = YES;
				CLANG_WARN__DUPLICATE_METHOD_MATCH = YES;
				COPY_PHASE_STRIP = NO;
				DEBUG_INFORMATION_FORMAT = dwarf;
				DEVELOPMENT_TEAM = 6MF64SK72Z;
				ENABLE_STRICT_OBJC_MSGSEND = YES;
				ENABLE_TESTABILITY = YES;
				ENABLE_USER_SCRIPT_SANDBOXING = YES;
				GCC_C_LANGUAGE_STANDARD = gnu17;
				GCC_DYNAMIC_NO_PIC = NO;
				GCC_NO_COMMON_BLOCKS = YES;
				GCC_OPTIMIZATION_LEVEL = 0;
				GCC_PREPROCESSOR_DEFINITIONS = (
					"DEBUG=1",
					"$(inherited)",
				);
				GCC_WARN_64_TO_32_BIT_CONVERSION = YES;
				GCC_WARN_ABOUT_RETURN_TYPE = YES_ERROR;
				GCC_WARN_UNDECLARED_SELECTOR = YES;
				GCC_WARN_UNINITIALIZED_AUTOS = YES_AGGRESSIVE;
				GCC_WARN_UNUSED_FUNCTION = YES;
				GCC_WARN_UNUSED_VARIABLE = YES;
				LOCALIZATION_PREFERS_STRING_CATALOGS = YES;
				MACOSX_DEPLOYMENT_TARGET = 13.0;
				MTL_ENABLE_DEBUG_INFO = INCLUDE_SOURCE;
				MTL_FAST_MATH = YES;
				ONLY_ACTIVE_ARCH = YES;
				SDKROOT = macosx;
				SWIFT_ACTIVE_COMPILATION_CONDITIONS = "DEBUG $(inherited)";
				SWIFT_OPTIMIZATION_LEVEL = "-Onone";
			};
			name = Debug;
		};
		DDA7275E2FE1D0AD00FD8A8D /* Release */ = {
			isa = XCBuildConfiguration;
			buildSettings = {
				ALWAYS_SEARCH_USER_PATHS = NO;
				ASSETCATALOG_COMPILER_GENERATE_SWIFT_ASSET_SYMBOL_EXTENSIONS = YES;
				CLANG_ANALYZER_NONNULL = YES;
				CLANG_ANALYZER_NUMBER_OBJECT_CONVERSION = YES_AGGRESSIVE;
				CLANG_CXX_LANGUAGE_STANDARD = "gnu++20";
				CLANG_ENABLE_MODULES = YES;
				CLANG_ENABLE_OBJC_ARC = YES;
				CLANG_ENABLE_OBJC_WEAK = YES;
				CLANG_WARN_BLOCK_CAPTURE_AUTORELEASING = YES;
				CLANG_WARN_BOOL_CONVERSION = YES;
				CLANG_WARN_COMMA = YES;
				CLANG_WARN_CONSTANT_CONVERSION = YES;
				CLANG_WARN_DEPRECATED_OBJC_IMPLEMENTATIONS = YES;
				CLANG_WARN_DIRECT_OBJC_ISA_USAGE = YES_ERROR;
				CLANG_WARN_DOCUMENTATION_COMMENTS = YES;
				CLANG_WARN_EMPTY_BODY = YES;
				CLANG_WARN_ENUM_CONVERSION = YES;
				CLANG_WARN_INFINITE_RECURSION = YES;
				CLANG_WARN_INT_CONVERSION = YES;
				CLANG_WARN_NON_LITERAL_NULL_CONVERSION = YES;
				CLANG_WARN_OBJC_IMPLICIT_RETAIN_SELF = YES;
				CLANG_WARN_OBJC_LITERAL_CONVERSION = YES;
				CLANG_WARN_OBJC_ROOT_CLASS = YES_ERROR;
				CLANG_WARN_QUOTED_INCLUDE_IN_FRAMEWORK_HEADER = YES;
				CLANG_WARN_RANGE_LOOP_ANALYSIS = YES;
				CLANG_WARN_STRICT_PROTOTYPES = YES;
				CLANG_WARN_SUSPICIOUS_MOVE = YES;
				CLANG_WARN_UNGUARDED_AVAILABILITY = YES_AGGRESSIVE;
				CLANG_WARN_UNREACHABLE_CODE = YES;
				CLANG_WARN__DUPLICATE_METHOD_MATCH = YES;
				COPY_PHASE_STRIP = NO;
				DEBUG_INFORMATION_FORMAT = "dwarf-with-dsym";
				DEVELOPMENT_TEAM = 6MF64SK72Z;
				ENABLE_NS_ASSERTIONS = NO;
				ENABLE_STRICT_OBJC_MSGSEND = YES;
				ENABLE_USER_SCRIPT_SANDBOXING = YES;
				GCC_C_LANGUAGE_STANDARD = gnu17;
				GCC_NO_COMMON_BLOCKS = YES;
				GCC_WARN_64_TO_32_BIT_CONVERSION = YES;
				GCC_WARN_ABOUT_RETURN_TYPE = YES_ERROR;
				GCC_WARN_UNDECLARED_SELECTOR = YES;
				GCC_WARN_UNINITIALIZED_AUTOS = YES_AGGRESSIVE;
				GCC_WARN_UNUSED_FUNCTION = YES;
				GCC_WARN_UNUSED_VARIABLE = YES;
				LOCALIZATION_PREFERS_STRING_CATALOGS = YES;
				MACOSX_DEPLOYMENT_TARGET = 13.0;
				MTL_ENABLE_DEBUG_INFO = NO;
				MTL_FAST_MATH = YES;
				SDKROOT = macosx;
				SWIFT_COMPILATION_MODE = wholemodule;
			};
			name = Release;
		};
		DDA727602FE1D0AD00FD8A8D /* Debug */ = {
			isa = XCBuildConfiguration;
			buildSettings = {
				ASSETCATALOG_COMPILER_APPICON_NAME = AppIcon;
				ASSETCATALOG_COMPILER_GLOBAL_ACCENT_COLOR_NAME = AccentColor;
				CODE_SIGN_ENTITLEMENTS = Sources/MacSpeedMonitorApp/MacSpeedMonitor.entitlements;
				CODE_SIGN_IDENTITY = "Apple Development";
				"CODE_SIGN_IDENTITY[sdk=macosx*]" = "Apple Development";
				CODE_SIGN_STYLE = Automatic;
				COMBINE_HIDPI_IMAGES = YES;
				CURRENT_PROJECT_VERSION = 1;
				DEVELOPMENT_TEAM = 6MF64SK72Z;
				ENABLE_APP_SANDBOX = YES;
				ENABLE_HARDENED_RUNTIME = YES;
				ENABLE_INCOMING_NETWORK_CONNECTIONS = YES;
				ENABLE_OUTGOING_NETWORK_CONNECTIONS = YES;
				ENABLE_PREVIEWS = YES;
				ENABLE_RESOURCE_ACCESS_AUDIO_INPUT = NO;
				ENABLE_RESOURCE_ACCESS_BLUETOOTH = NO;
				ENABLE_RESOURCE_ACCESS_CALENDARS = NO;
				ENABLE_RESOURCE_ACCESS_CAMERA = NO;
				ENABLE_RESOURCE_ACCESS_CONTACTS = NO;
				ENABLE_RESOURCE_ACCESS_LOCATION = YES;
				ENABLE_RESOURCE_ACCESS_PRINTING = NO;
				ENABLE_RESOURCE_ACCESS_USB = NO;
				GENERATE_INFOPLIST_FILE = NO;
				INFOPLIST_FILE = Sources/MacSpeedMonitorApp/Info.plist;
				INFOPLIST_KEY_LSApplicationCategoryType = "public.app-category.utilities";
				INFOPLIST_KEY_NSHumanReadableCopyright = "";
				LD_RUNPATH_SEARCH_PATHS = (
					"$(inherited)",
					"@executable_path/../Frameworks",
				);
				MACOSX_DEPLOYMENT_TARGET = 15.6;
				MARKETING_VERSION = 1.1.0;
				PRODUCT_BUNDLE_IDENTIFIER = com.adisapir.MacSpeedMonitor;
				PRODUCT_NAME = MacSpeedMonitor;
				PROVISIONING_PROFILE_SPECIFIER = "";
				STRING_CATALOG_GENERATE_SYMBOLS = YES;
				SWIFT_APPROACHABLE_CONCURRENCY = YES;
				SWIFT_DEFAULT_ACTOR_ISOLATION = MainActor;
				SWIFT_EMIT_LOC_STRINGS = YES;
				SWIFT_UPCOMING_FEATURE_MEMBER_IMPORT_VISIBILITY = YES;
				SWIFT_VERSION = 6.0;
			};
			name = Debug;
		};
		DDA727612FE1D0AD00FD8A8D /* Release */ = {
			isa = XCBuildConfiguration;
			buildSettings = {
				ASSETCATALOG_COMPILER_APPICON_NAME = AppIcon;
				ASSETCATALOG_COMPILER_GLOBAL_ACCENT_COLOR_NAME = AccentColor;
				CODE_SIGN_ENTITLEMENTS = Sources/MacSpeedMonitorApp/MacSpeedMonitor.entitlements;
				CODE_SIGN_IDENTITY = "Apple Development";
				"CODE_SIGN_IDENTITY[sdk=macosx*]" = "Apple Development";
				CODE_SIGN_STYLE = Automatic;
				COMBINE_HIDPI_IMAGES = YES;
				CURRENT_PROJECT_VERSION = 1;
				DEVELOPMENT_TEAM = 6MF64SK72Z;
				ENABLE_APP_SANDBOX = YES;
				ENABLE_HARDENED_RUNTIME = YES;
				ENABLE_INCOMING_NETWORK_CONNECTIONS = NO;
				ENABLE_OUTGOING_NETWORK_CONNECTIONS = NO;
				ENABLE_PREVIEWS = YES;
				ENABLE_RESOURCE_ACCESS_AUDIO_INPUT = NO;
				ENABLE_RESOURCE_ACCESS_BLUETOOTH = NO;
				ENABLE_RESOURCE_ACCESS_CALENDARS = NO;
				ENABLE_RESOURCE_ACCESS_CAMERA = NO;
				ENABLE_RESOURCE_ACCESS_CONTACTS = NO;
				ENABLE_RESOURCE_ACCESS_LOCATION = YES;
				ENABLE_RESOURCE_ACCESS_PRINTING = NO;
				ENABLE_RESOURCE_ACCESS_USB = NO;
				GENERATE_INFOPLIST_FILE = NO;
				INFOPLIST_FILE = Sources/MacSpeedMonitorApp/Info.plist;
				INFOPLIST_KEY_LSApplicationCategoryType = "public.app-category.utilities";
				INFOPLIST_KEY_NSHumanReadableCopyright = "";
				LD_RUNPATH_SEARCH_PATHS = (
					"$(inherited)",
					"@executable_path/../Frameworks",
				);
				MACOSX_DEPLOYMENT_TARGET = 15.6;
				MARKETING_VERSION = 1.1.0;
				PRODUCT_BUNDLE_IDENTIFIER = com.adisapir.MacSpeedMonitor;
				PRODUCT_NAME = MacSpeedMonitor;
				PROVISIONING_PROFILE_SPECIFIER = "";
				STRING_CATALOG_GENERATE_SYMBOLS = YES;
				SWIFT_APPROACHABLE_CONCURRENCY = YES;
				SWIFT_DEFAULT_ACTOR_ISOLATION = MainActor;
				SWIFT_EMIT_LOC_STRINGS = YES;
				SWIFT_UPCOMING_FEATURE_MEMBER_IMPORT_VISIBILITY = YES;
				SWIFT_VERSION = 6.0;
			};
			name = Release;
		};
		DDA727700000000000000503 /* Debug */ = {
			isa = XCBuildConfiguration;
			buildSettings = {
				CODE_SIGN_STYLE = Automatic;
				DEFINES_MODULE = YES;
				DEVELOPMENT_TEAM = 6MF64SK72Z;
				DYLIB_COMPATIBILITY_VERSION = 1;
				DYLIB_CURRENT_VERSION = 1;
				DYLIB_INSTALL_NAME_BASE = "@rpath";
				GENERATE_INFOPLIST_FILE = YES;
				INSTALL_PATH = "$(LOCAL_LIBRARY_DIR)/Frameworks";
				MACOSX_DEPLOYMENT_TARGET = 15.6;
				PRODUCT_BUNDLE_IDENTIFIER = com.adisapir.SpeedMonitorCore;
				PRODUCT_NAME = SpeedMonitorCore;
				SKIP_INSTALL = YES;
				SWIFT_VERSION = 6.0;
			};
			name = Debug;
		};
		DDA727700000000000000504 /* Release */ = {
			isa = XCBuildConfiguration;
			buildSettings = {
				"CODE_SIGN_IDENTITY[sdk=macosx*]" = "-";
				CODE_SIGN_STYLE = Automatic;
				DEFINES_MODULE = YES;
				DEVELOPMENT_TEAM = 6MF64SK72Z;
				DYLIB_COMPATIBILITY_VERSION = 1;
				DYLIB_CURRENT_VERSION = 1;
				DYLIB_INSTALL_NAME_BASE = "@rpath";
				GENERATE_INFOPLIST_FILE = YES;
				INSTALL_PATH = "$(LOCAL_LIBRARY_DIR)/Frameworks";
				MACOSX_DEPLOYMENT_TARGET = 15.6;
				PRODUCT_BUNDLE_IDENTIFIER = com.adisapir.SpeedMonitorCore;
				PRODUCT_NAME = SpeedMonitorCore;
				SKIP_INSTALL = YES;
				SWIFT_VERSION = 6.0;
			};
			name = Release;
		};
		DDDAA4DB2FE5DAB60003B145 /* Debug */ = {
			isa = XCBuildConfiguration;
			buildSettings = {
				ASSETCATALOG_COMPILER_GLOBAL_ACCENT_COLOR_NAME = AccentColor;
				ASSETCATALOG_COMPILER_WIDGET_BACKGROUND_COLOR_NAME = WidgetBackground;
				CODE_SIGN_ENTITLEMENTS = WiFiPulseWidget/WiFiPulseWidget.entitlements;
				CODE_SIGN_IDENTITY = "Apple Development";
				"CODE_SIGN_IDENTITY[sdk=macosx*]" = "Apple Development";
				CODE_SIGN_STYLE = Automatic;
				CURRENT_PROJECT_VERSION = 1;
				DEVELOPMENT_TEAM = 6MF64SK72Z;
				ENABLE_APP_SANDBOX = YES;
				ENABLE_HARDENED_RUNTIME = YES;
				GENERATE_INFOPLIST_FILE = YES;
				INFOPLIST_FILE = WiFiPulseWidget/Info.plist;
				INFOPLIST_KEY_CFBundleDisplayName = WiFiPulseWidget;
				INFOPLIST_KEY_NSHumanReadableCopyright = "";
				LD_RUNPATH_SEARCH_PATHS = (
					"$(inherited)",
					"@executable_path/../Frameworks",
					"@executable_path/../../../../Frameworks",
				);
				MACOSX_DEPLOYMENT_TARGET = 15.6;
				MARKETING_VERSION = 1.1.0;
				PRODUCT_BUNDLE_IDENTIFIER = com.adisapir.MacSpeedMonitor.WiFiPulseWidget;
				PRODUCT_NAME = "$(TARGET_NAME)";
				SKIP_INSTALL = YES;
				STRING_CATALOG_GENERATE_SYMBOLS = YES;
				SWIFT_APPROACHABLE_CONCURRENCY = YES;
				SWIFT_EMIT_LOC_STRINGS = YES;
				SWIFT_UPCOMING_FEATURE_MEMBER_IMPORT_VISIBILITY = YES;
				SWIFT_VERSION = 5.0;
			};
			name = Debug;
		};
		DDDAA4DC2FE5DAB60003B145 /* Release */ = {
			isa = XCBuildConfiguration;
			buildSettings = {
				ASSETCATALOG_COMPILER_GLOBAL_ACCENT_COLOR_NAME = AccentColor;
				ASSETCATALOG_COMPILER_WIDGET_BACKGROUND_COLOR_NAME = WidgetBackground;
				CODE_SIGN_ENTITLEMENTS = WiFiPulseWidget/WiFiPulseWidget.entitlements;
				CODE_SIGN_IDENTITY = "Apple Development";
				"CODE_SIGN_IDENTITY[sdk=macosx*]" = "Apple Development";
				CODE_SIGN_STYLE = Automatic;
				CURRENT_PROJECT_VERSION = 1;
				DEVELOPMENT_TEAM = 6MF64SK72Z;
				ENABLE_APP_SANDBOX = YES;
				ENABLE_HARDENED_RUNTIME = YES;
				GENERATE_INFOPLIST_FILE = YES;
				INFOPLIST_FILE = WiFiPulseWidget/Info.plist;
				INFOPLIST_KEY_CFBundleDisplayName = WiFiPulseWidget;
				INFOPLIST_KEY_NSHumanReadableCopyright = "";
				LD_RUNPATH_SEARCH_PATHS = (
					"$(inherited)",
					"@executable_path/../Frameworks",
					"@executable_path/../../../../Frameworks",
				);
				MACOSX_DEPLOYMENT_TARGET = 15.6;
				MARKETING_VERSION = 1.1.0;
				PRODUCT_BUNDLE_IDENTIFIER = com.adisapir.MacSpeedMonitor.WiFiPulseWidget;
				PRODUCT_NAME = "$(TARGET_NAME)";
				SKIP_INSTALL = YES;
				STRING_CATALOG_GENERATE_SYMBOLS = YES;
				SWIFT_APPROACHABLE_CONCURRENCY = YES;
				SWIFT_EMIT_LOC_STRINGS = YES;
				SWIFT_UPCOMING_FEATURE_MEMBER_IMPORT_VISIBILITY = YES;
				SWIFT_VERSION = 5.0;
			};
			name = Release;
		};
/* End XCBuildConfiguration section */

/* Begin XCConfigurationList section */
		DDA7274F2FE1D0AB00FD8A8D /* Build configuration list for PBXProject "WiFiPulse" */ = {
			isa = XCConfigurationList;
			buildConfigurations = (
				DDA7275D2FE1D0AD00FD8A8D /* Debug */,
				DDA7275E2FE1D0AD00FD8A8D /* Release */,
			);
			defaultConfigurationIsVisible = 0;
			defaultConfigurationName = Release;
		};
		DDA7275F2FE1D0AD00FD8A8D /* Build configuration list for PBXNativeTarget "MacSpeedMonitor" */ = {
			isa = XCConfigurationList;
			buildConfigurations = (
				DDA727602FE1D0AD00FD8A8D /* Debug */,
				DDA727612FE1D0AD00FD8A8D /* Release */,
			);
			defaultConfigurationIsVisible = 0;
			defaultConfigurationName = Release;
		};
		DDA727700000000000000402 /* Build configuration list for PBXNativeTarget "SpeedMonitorCore" */ = {
			isa = XCConfigurationList;
			buildConfigurations = (
				DDA727700000000000000503 /* Debug */,
				DDA727700000000000000504 /* Release */,
			);
			defaultConfigurationIsVisible = 0;
			defaultConfigurationName = Release;
		};
		DDDAA4DE2FE5DAB60003B145 /* Build configuration list for PBXNativeTarget "WiFiPulseWidgetExtension" */ = {
			isa = XCConfigurationList;
			buildConfigurations = (
				DDDAA4DB2FE5DAB60003B145 /* Debug */,
				DDDAA4DC2FE5DAB60003B145 /* Release */,
			);
			defaultConfigurationIsVisible = 0;
			defaultConfigurationName = Release;
		};
/* End XCConfigurationList section */
	};
	rootObject = DDA7274C2FE1D0AB00FD8A8D /* Project object */;
}
